<?xml version="1.0" encoding="utf-8"?>
<Project ToolsVersion="4.0" xmlns="http://schemas.microsoft.com/developer/msbuild/2003">
  <ItemGroup>
    <Filter Include="Исходные файлы">
      <UniqueIdentifier>{4FC737F1-C7A5-4376-A066-2A32D752A2FF}</UniqueIdentifier>
      <Extensions>cpp;c;cc;cxx;c++;cppm;ixx;def;odl;idl;hpj;bat;asm;asmx</Extensions>
    </Filter>
    <Filter Include="Файлы заголовков">
      <UniqueIdentifier>{93995380-89BD-4b04-88EB-625FBE52EBFB}</UniqueIdentifier>
      <Extensions>h;hh;hpp;hxx;h++;hm;inl;inc;ipp;xsd</Extensions>
    </Filter>
    <Filter Include="Файлы ресурсов">
      <UniqueIdentifier>{67DA6AB6-F800-4c08-8B7A-83BB121AAD01}</UniqueIdentifier>
      <Extensions>rc;ico;cur;bmp;dlg;rc2;rct;bin;rgs;gif;jpg;jpeg;jpe;resx;tiff;tif;png;wav;mfcribbon-ms</Extensions>
    </Filter>
    <Filter Include="Исходные файлы\Homework1">
      <UniqueIdentifier>{c39d6e38-4e05-4524-a207-9a3f98f20799}</UniqueIdentifier>
    </Filter>
    <Filter Include="Исходные файлы\Homework2">
      <UniqueIdentifier>{18a0bcde-12f7-403d-bd31-9bdd2d65434b}</UniqueIdentifier>
    </Filter>
    <Filter Include="Исходные файлы\Homework3">
      <UniqueIdentifier>{43903adc-148f-4875-9054-164b9a2872c5}</UniqueIdentifier>
    </Filter>
    <Filter Include="Исходные файлы\Homework4">
      <UniqueIdentifier>{83b878eb-bc11-490a-9abb-940473f476bd}</UniqueIdentifier>
    </Filter>
  </ItemGroup>
  <ItemGroup>
    <ClCompile Include="procedural programming.cpp">
      <Filter>Исходные файлы</Filter>
    </ClCompile>
    <ClCompile Include="Name.cpp">
      <Filter>Исходные файлы\Homework1</Filter>
    </ClCompile>
    <ClCompile Include="Arithemic.cpp">
      <Filter>Исходные файлы\Homework1</Filter>
    </ClCompile>
    <ClCompile Include="Equation.cpp">
      <Filter>Исходные файлы\Homework1</Filter>
    </ClCompile>
    <ClCompile Include="AnotherEquation.cpp">
      <Filter>Исходные файлы\Homework1</Filter>
    </ClCompile>
    <ClCompile Include="lampWithCurtain.cpp">
      <Filter>Исходные файлы\Homework1</Filter>
    </ClCompile>
    <ClCompile Include="Branching.cpp">
      <Filter>Исходные файлы\Homework2</Filter>
    </ClCompile>
    <ClCompile Include="Cone.cpp">
      <Filter>Исходные файлы\Homework2</Filter>
    </ClCompile>
    <ClCompile Include="Function.cpp">
      <Filter>Исходные файлы\Homework2</Filter>
    </ClCompile>
    <ClCompile Include="Order.cpp">
      <Filter>Исходные файлы\Homework2</Filter>
    </ClCompile>
    <ClCompile Include="Tabulation.cpp">
      <Filter>Исходные файлы\Homework2</Filter>
    </ClCompile>
    <ClCompile Include="Loan.cpp">
      <Filter>Исходные файлы\Homework3</Filter>
    </ClCompile>
    <ClCompile Include="Lending.cpp">
      <Filter>Исходные файлы\Homework3</Filter>
    </ClCompile>
    <ClCompile Include="CopyingFile.cpp">
      <Filter>Исходные файлы\Homework3</Filter>
    </ClCompile>
    <ClCompile Include="filter.cpp">
      <Filter>Исходные файлы\Homework3</Filter>
    </ClCompile>
    <ClCompile Include="Sortingofletters.cpp">
      <Filter>Исходные файлы\Homework3</Filter>
    </ClCompile>
    <ClCompile Include="file.cpp">
      <Filter>Исходные файлы\Homework4</Filter>
    </ClCompile>
    <ClCompile Include="NumberSign.cpp">
      <Filter>Исходные файлы</Filter>
    </ClCompile>
  </ItemGroup>
  <ItemGroup>
    <ClInclude Include="resource.h">
      <Filter>Файлы заголовков</Filter>
    </ClInclude>
  </ItemGroup>
  <ItemGroup>
    <ResourceCompile Include="procedural programming.rc">
      <Filter>Файлы ресурсов</Filter>
    </ResourceCompile>
  </ItemGroup>
</Project>